{
    "_readme": [
        "This file locks the dependencies of your project to a known state",
        "Read more about it at https://getcomposer.org/doc/01-basic-usage.md#installing-dependencies",
        "This file is @generated automatically"
    ],
    "content-hash": "8b579a0ba2e499f4d1881cdb66476b18",
    "packages": [],
    "packages-dev": [],
    "aliases": [],
    "minimum-stability": "stable",
    "stability-flags": {},
    "prefer-stable": false,
    "prefer-lowest": false,
    "platform": {
        "php": ">=8.0",
        "ext-hash": "*",
        "ext-openssl": "*",
        "ext-scrypt": "*",
        "ext-sodium": "*"
    },
    "platform-dev": {},
    "plugin-api-version": "2.9.0"
}
