{
    "_readme": [
        "This file locks the dependencies of your project to a known state",
        "Read more about it at https://getcomposer.org/doc/01-basic-usage.md#installing-dependencies",
        "This file is @generated automatically"
    ],
    "content-hash": "199f27cb374dc80a8fe15d369c8af33a",
    "packages": [
        {
            "name": "utopia-php/validators",
            "version": "0.2.6",
            "source": {
                "type": "git",
                "url": "https://github.com/utopia-php/validators.git",
                "reference": "f1ac4f08d6876daf117a1d9af53a4c7b752c2c0b"
            },
            "dist": {
                "type": "zip",
                "url": "https://api.github.com/repos/utopia-php/validators/zipball/f1ac4f08d6876daf117a1d9af53a4c7b752c2c0b",
                "reference": "f1ac4f08d6876daf117a1d9af53a4c7b752c2c0b",
                "shasum": ""
            },
            "require": {
                "php": ">=8.0"
            },
            "type": "library",
            "autoload": {
                "psr-4": {
                    "Utopia\\": "src/"
                }
            },
            "notification-url": "https://packagist.org/downloads/",
            "license": [
                "MIT"
            ],
            "description": "A lightweight collection of reusable validators for Utopia projects",
            "keywords": [
                "php",
                "utopia",
                "validation",
                "validator"
            ],
            "support": {
                "issues": "https://github.com/utopia-php/validators/issues",
                "source": "https://github.com/utopia-php/validators/tree/0.2.6"
            },
            "time": "2026-06-10T14:45:13+00:00"
        }
    ],
    "packages-dev": [],
    "aliases": [],
    "minimum-stability": "dev",
    "stability-flags": {},
    "prefer-stable": false,
    "prefer-lowest": false,
    "platform": {
        "php": ">=8.0"
    },
    "platform-dev": {},
    "plugin-api-version": "2.9.0"
}
