{
    "_readme": [
        "This file locks the dependencies of your project to a known state",
        "Read more about it at https://getcomposer.org/doc/01-basic-usage.md#installing-dependencies",
        "This file is @generated automatically"
    ],
    "content-hash": "8a3be0dd230dd4d993158086b29506ec",
    "packages": [
        {
            "name": "utopia-php/validators",
            "version": "1.0.0",
            "source": {
                "type": "git",
                "url": "https://github.com/utopia-php/validators.git",
                "reference": "260da93fcb7a6e0e3c4a60f5c898c8ef25cd5795"
            },
            "dist": {
                "type": "zip",
                "url": "https://api.github.com/repos/utopia-php/validators/zipball/260da93fcb7a6e0e3c4a60f5c898c8ef25cd5795",
                "reference": "260da93fcb7a6e0e3c4a60f5c898c8ef25cd5795",
                "shasum": ""
            },
            "require": {
                "php": ">=8.5"
            },
            "type": "library",
            "autoload": {
                "psr-4": {
                    "Utopia\\": "src/"
                }
            },
            "notification-url": "https://packagist.org/downloads/",
            "license": [
                "MIT"
            ],
            "description": "A lightweight collection of reusable validators for Utopia projects",
            "keywords": [
                "php",
                "utopia",
                "validation",
                "validator"
            ],
            "support": {
                "issues": "https://github.com/utopia-php/validators/issues",
                "source": "https://github.com/utopia-php/validators/tree/1.0.0"
            },
            "time": "2026-08-31T15:22:58+00:00"
        }
    ],
    "packages-dev": [],
    "aliases": [],
    "minimum-stability": "dev",
    "stability-flags": {},
    "prefer-stable": false,
    "prefer-lowest": false,
    "platform": {
        "php": ">=8.5"
    },
    "platform-dev": {},
    "plugin-api-version": "2.9.0"
}
