{
    "_readme": [
        "This file locks the dependencies of your project to a known state",
        "Read more about it at https://getcomposer.org/doc/01-basic-usage.md#installing-dependencies",
        "This file is @generated automatically"
    ],
    "content-hash": "4c9ea2383c83de2d5fbcd62a6e2a358f",
    "packages": [
        {
            "name": "utopia-php/validators",
            "version": "0.3.0",
            "source": {
                "type": "git",
                "url": "https://github.com/utopia-php/validators.git",
                "reference": "5a3ef67ce17c2e148da7895e8de699614f0afdfa"
            },
            "dist": {
                "type": "zip",
                "url": "https://api.github.com/repos/utopia-php/validators/zipball/5a3ef67ce17c2e148da7895e8de699614f0afdfa",
                "reference": "5a3ef67ce17c2e148da7895e8de699614f0afdfa",
                "shasum": ""
            },
            "require": {
                "php": ">=8.5"
            },
            "type": "library",
            "autoload": {
                "psr-4": {
                    "Utopia\\": "src/"
                }
            },
            "notification-url": "https://packagist.org/downloads/",
            "license": [
                "MIT"
            ],
            "description": "A lightweight collection of reusable validators for Utopia projects",
            "keywords": [
                "php",
                "utopia",
                "validation",
                "validator"
            ],
            "support": {
                "issues": "https://github.com/utopia-php/validators/issues",
                "source": "https://github.com/utopia-php/validators/tree/0.3.0"
            },
            "time": "2026-07-13T09:46:33+00:00"
        }
    ],
    "packages-dev": [],
    "aliases": [],
    "minimum-stability": "dev",
    "stability-flags": {},
    "prefer-stable": false,
    "prefer-lowest": false,
    "platform": {
        "php": ">=8.0"
    },
    "platform-dev": {},
    "plugin-api-version": "2.9.0"
}
